
Microsoft Visual Studio Solution File, Format Version 12.00
# Visual Studio Version 17
VisualStudioVersion = 17.11.35208.52
MinimumVisualStudioVersion = 10.0.40219.1
Project("{9A19103F-16F7-4668-BE54-9A1E7A4F7556}") = "Services", "Services\Services.csproj", "{613D1754-289B-4033-9587-6D4788D34299}"
EndProject
Project("{9A19103F-16F7-4668-BE54-9A1E7A4F7556}") = "App", "App\App.csproj", "{6772FE01-3FBD-4CBA-ABCD-12497774D4FB}"
EndProject
Project("{9A19103F-16F7-4668-BE54-9A1E7A4F7556}") = "Domain", "Domain\Domain.csproj", "{F7B2F76F-293E-45A4-B61B-BAA26FBD91A2}"
EndProject
Global
	GlobalSection(SolutionConfigurationPlatforms) = preSolution
		Debug|Any CPU = Debug|Any CPU
		Release|Any CPU = Release|Any CPU
	EndGlobalSection
	GlobalSection(ProjectConfigurationPlatforms) = postSolution
		{613D1754-289B-4033-9587-6D4788D34299}.Debug|Any CPU.ActiveCfg = Debug|Any CPU
		{613D1754-289B-4033-9587-6D4788D34299}.Debug|Any CPU.Build.0 = Debug|Any CPU
		{613D1754-289B-4033-9587-6D4788D34299}.Release|Any CPU.ActiveCfg = Release|Any CPU
		{613D1754-289B-4033-9587-6D4788D34299}.Release|Any CPU.Build.0 = Release|Any CPU
		{6772FE01-3FBD-4CBA-ABCD-12497774D4FB}.Debug|Any CPU.ActiveCfg = Debug|Any CPU
		{6772FE01-3FBD-4CBA-ABCD-12497774D4FB}.Debug|Any CPU.Build.0 = Debug|Any CPU
		{6772FE01-3FBD-4CBA-ABCD-12497774D4FB}.Release|Any CPU.ActiveCfg = Release|Any CPU
		{6772FE01-3FBD-4CBA-ABCD-12497774D4FB}.Release|Any CPU.Build.0 = Release|Any CPU
		{F7B2F76F-293E-45A4-B61B-BAA26FBD91A2}.Debug|Any CPU.ActiveCfg = Debug|Any CPU
		{F7B2F76F-293E-45A4-B61B-BAA26FBD91A2}.Debug|Any CPU.Build.0 = Debug|Any CPU
		{F7B2F76F-293E-45A4-B61B-BAA26FBD91A2}.Release|Any CPU.ActiveCfg = Release|Any CPU
		{F7B2F76F-293E-45A4-B61B-BAA26FBD91A2}.Release|Any CPU.Build.0 = Release|Any CPU
	EndGlobalSection
	GlobalSection(SolutionProperties) = preSolution
		HideSolutionNode = FALSE
	EndGlobalSection
	GlobalSection(ExtensibilityGlobals) = postSolution
		SolutionGuid = {A1263085-2E03-43E2-89DD-E2C6BA3536C2}
	EndGlobalSection
EndGlobal
